
Microsoft Visual Studio Solution File, Format Version 12.00
# Visual Studio Version 17
VisualStudioVersion = 17.5.33516.290
MinimumVisualStudioVersion = 10.0.40219.1
Project("{FAE04EC0-301F-11D3-BF4B-00C04F79EFBC}") = "AcademyFP", "AcademyFP\AcademyFP.csproj", "{83CDAB45-61FD-4436-BCF0-D670DF9ACF12}"
EndProject
Global
	GlobalSection(SolutionConfigurationPlatforms) = preSolution
		Debug|Any CPU = Debug|Any CPU
		Release|Any CPU = Release|Any CPU
	EndGlobalSection
	GlobalSection(ProjectConfigurationPlatforms) = postSolution
		{83CDAB45-61FD-4436-BCF0-D670DF9ACF12}.Debug|Any CPU.ActiveCfg = Debug|Any CPU
		{83CDAB45-61FD-4436-BCF0-D670DF9ACF12}.Debug|Any CPU.Build.0 = Debug|Any CPU
		{83CDAB45-61FD-4436-BCF0-D670DF9ACF12}.Release|Any CPU.ActiveCfg = Release|Any CPU
		{83CDAB45-61FD-4436-BCF0-D670DF9ACF12}.Release|Any CPU.Build.0 = Release|Any CPU
	EndGlobalSection
	GlobalSection(SolutionProperties) = preSolution
		HideSolutionNode = FALSE
	EndGlobalSection
	GlobalSection(ExtensibilityGlobals) = postSolution
		SolutionGuid = {59DC04BE-198A-4752-A3C2-F0FA54DFA6CF}
	EndGlobalSection
EndGlobal
